// !$*UTF8*$!
{
	archiveVersion = 1;
	classes = {
	};
	objectVersion = 48;
	objects = {

/* Begin PBXBuildFile section */
		C4171C141FB1C75D0060CA24 /* UILocalizable+Localizable.m in Sources */ = {isa = PBXBuildFile; fileRef = C4171C131FB1C75C0060CA24 /* UILocalizable+Localizable.m */; };
		C46F53321DC56FFE0068E28D /* Interface.storyboard in Resources */ = {isa = PBXBuildFile; fileRef = C46F53301DC56FFE0068E28D /* Interface.storyboard */; };
		C46F53341DC56FFE0068E28D /* Assets.xcassets in Resources */ = {isa = PBXBuildFile; fileRef = C46F53331DC56FFE0068E28D /* Assets.xcassets */; };
		C46F533B1DC56FFF0068E28D /* WatchApp Extension.appex in Embed App Extensions */ = {isa = PBXBuildFile; fileRef = C46F533A1DC56FFF0068E28D /* WatchApp Extension.appex */; settings = {ATTRIBUTES = (RemoveHeadersOnCopy, ); }; };
		C46F53411DC56FFF0068E28D /* InterfaceController.m in Sources */ = {isa = PBXBuildFile; fileRef = C46F53401DC56FFF0068E28D /* InterfaceController.m */; };
		C46F53441DC56FFF0068E28D /* ExtensionDelegate.m in Sources */ = {isa = PBXBuildFile; fileRef = C46F53431DC56FFF0068E28D /* ExtensionDelegate.m */; };
		C46F53461DC56FFF0068E28D /* Assets.xcassets in Resources */ = {isa = PBXBuildFile; fileRef = C46F53451DC56FFF0068E28D /* Assets.xcassets */; };
		C46F534A1DC56FFF0068E28D /* WatchApp.app in Embed Watch Content */ = {isa = PBXBuildFile; fileRef = C46F532E1DC56FFE0068E28D /* WatchApp.app */; };
		C46F53551DC571B60068E28D /* InfoPlist.strings in Resources */ = {isa = PBXBuildFile; fileRef = C46F53571DC571B60068E28D /* InfoPlist.strings */; };
		C46F535A1DC572320068E28D /* InfoPlist.strings in Resources */ = {isa = PBXBuildFile; fileRef = C46F535C1DC572320068E28D /* InfoPlist.strings */; };
		C46F535F1DC575430068E28D /* Localizable.strings in Resources */ = {isa = PBXBuildFile; fileRef = C46F53611DC575430068E28D /* Localizable.strings */; };
		C4876F2E1DC5506800877194 /* InfoPlist.strings in Resources */ = {isa = PBXBuildFile; fileRef = C4876F301DC5506800877194 /* InfoPlist.strings */; };
		C4876F391DC5511B00877194 /* NotificationCenter.framework in Frameworks */ = {isa = PBXBuildFile; fileRef = C4876F381DC5511B00877194 /* NotificationCenter.framework */; };
		C4876F3D1DC5511B00877194 /* TodayViewController.m in Sources */ = {isa = PBXBuildFile; fileRef = C4876F3C1DC5511B00877194 /* TodayViewController.m */; };
		C4876F401DC5511B00877194 /* MainInterface.storyboard in Resources */ = {isa = PBXBuildFile; fileRef = C4876F3E1DC5511B00877194 /* MainInterface.storyboard */; };
		C4876F441DC5511B00877194 /* LetsShoppingWidget.appex in Embed App Extensions */ = {isa = PBXBuildFile; fileRef = C4876F361DC5511B00877194 /* LetsShoppingWidget.appex */; settings = {ATTRIBUTES = (RemoveHeadersOnCopy, ); }; };
		C4876F4A1DC5525B00877194 /* Images.xcassets in Resources */ = {isa = PBXBuildFile; fileRef = C4876F491DC5525B00877194 /* Images.xcassets */; };
		C4876F4D1DC554F200877194 /* SharedCommodity.m in Sources */ = {isa = PBXBuildFile; fileRef = C4A3C5A61DC542C0001361FC /* SharedCommodity.m */; };
		C4876F501DC5589C00877194 /* InfoPlist.strings in Resources */ = {isa = PBXBuildFile; fileRef = C4876F521DC5589C00877194 /* InfoPlist.strings */; };
		C4876F561DC55A0F00877194 /* Localizable.strings in Resources */ = {isa = PBXBuildFile; fileRef = C4876F581DC55A0F00877194 /* Localizable.strings */; };
		C48E15D81DC57FFD0030495C /* Localizable.strings in Resources */ = {isa = PBXBuildFile; fileRef = C48E15DA1DC57FFD0030495C /* Localizable.strings */; };
		C4A3C5871DC53C2C001361FC /* main.m in Sources */ = {isa = PBXBuildFile; fileRef = C4A3C5861DC53C2C001361FC /* main.m */; };
		C4A3C5901DC53C2C001361FC /* Main.storyboard in Resources */ = {isa = PBXBuildFile; fileRef = C4A3C58E1DC53C2C001361FC /* Main.storyboard */; };
		C4A3C5931DC53C2C001361FC /* letsshopping.xcdatamodeld in Sources */ = {isa = PBXBuildFile; fileRef = C4A3C5911DC53C2C001361FC /* letsshopping.xcdatamodeld */; };
		C4A3C5951DC53C2C001361FC /* Assets.xcassets in Resources */ = {isa = PBXBuildFile; fileRef = C4A3C5941DC53C2C001361FC /* Assets.xcassets */; };
		C4A3C5981DC53C2C001361FC /* LaunchScreen.storyboard in Resources */ = {isa = PBXBuildFile; fileRef = C4A3C5961DC53C2C001361FC /* LaunchScreen.storyboard */; };
		C4A3C5AD1DC542C0001361FC /* Commodity.m in Sources */ = {isa = PBXBuildFile; fileRef = C4A3C5A21DC542C0001361FC /* Commodity.m */; };
		C4A3C5AE1DC542C0001361FC /* Product.m in Sources */ = {isa = PBXBuildFile; fileRef = C4A3C5A41DC542C0001361FC /* Product.m */; };
		C4A3C5AF1DC542C0001361FC /* SharedCommodity.m in Sources */ = {isa = PBXBuildFile; fileRef = C4A3C5A61DC542C0001361FC /* SharedCommodity.m */; };
		C4A3C5B01DC542C0001361FC /* SharedList.m in Sources */ = {isa = PBXBuildFile; fileRef = C4A3C5A81DC542C0001361FC /* SharedList.m */; };
		C4A3C5B11DC542C0001361FC /* ShopCategory.m in Sources */ = {isa = PBXBuildFile; fileRef = C4A3C5AA1DC542C0001361FC /* ShopCategory.m */; };
		C4A3C5B21DC542C0001361FC /* Shoplist.m in Sources */ = {isa = PBXBuildFile; fileRef = C4A3C5AC1DC542C0001361FC /* Shoplist.m */; };
		C4A3C5B61DC544A7001361FC /* AppDelegate.m in Sources */ = {isa = PBXBuildFile; fileRef = C4A3C5B51DC544A7001361FC /* AppDelegate.m */; };
		C4A3C5C11DC54652001361FC /* BinaryExportProvider.m in Sources */ = {isa = PBXBuildFile; fileRef = C4A3C5B81DC54652001361FC /* BinaryExportProvider.m */; };
		C4A3C5C21DC54652001361FC /* ImportHelper.m in Sources */ = {isa = PBXBuildFile; fileRef = C4A3C5BA1DC54652001361FC /* ImportHelper.m */; };
		C4A3C5C31DC54652001361FC /* LogHelper.m in Sources */ = {isa = PBXBuildFile; fileRef = C4A3C5BC1DC54652001361FC /* LogHelper.m */; };
		C4A3C5C41DC54652001361FC /* StorageHelper.m in Sources */ = {isa = PBXBuildFile; fileRef = C4A3C5BE1DC54652001361FC /* StorageHelper.m */; };
		C4A3C5C51DC54652001361FC /* TextExportProvider.m in Sources */ = {isa = PBXBuildFile; fileRef = C4A3C5C01DC54652001361FC /* TextExportProvider.m */; };
		C4A3C5CB1DC54754001361FC /* ALToastView.m in Sources */ = {isa = PBXBuildFile; fileRef = C4A3C5C81DC54754001361FC /* ALToastView.m */; };
		C4A3C5CC1DC54754001361FC /* LightTableCell.m in Sources */ = {isa = PBXBuildFile; fileRef = C4A3C5CA1DC54754001361FC /* LightTableCell.m */; };
		C4A3C5DE1DC54783001361FC /* AboutController.m in Sources */ = {isa = PBXBuildFile; fileRef = C4A3C5CF1DC54783001361FC /* AboutController.m */; };
		C4A3C5DF1DC54783001361FC /* BaseFetchedResultsController.m in Sources */ = {isa = PBXBuildFile; fileRef = C4A3C5D11DC54783001361FC /* BaseFetchedResultsController.m */; };
		C4A3C5E01DC54783001361FC /* ProductController.m in Sources */ = {isa = PBXBuildFile; fileRef = C4A3C5D31DC54783001361FC /* ProductController.m */; };
		C4A3C5E11DC54783001361FC /* ProductListController.m in Sources */ = {isa = PBXBuildFile; fileRef = C4A3C5D51DC54783001361FC /* ProductListController.m */; };
		C4A3C5E21DC54783001361FC /* ShopcategoryController.m in Sources */ = {isa = PBXBuildFile; fileRef = C4A3C5D71DC54783001361FC /* ShopcategoryController.m */; };
		C4A3C5E31DC54783001361FC /* ShopcategoryListController.m in Sources */ = {isa = PBXBuildFile; fileRef = C4A3C5D91DC54783001361FC /* ShopcategoryListController.m */; };
		C4A3C5E41DC54783001361FC /* ShopListController.m in Sources */ = {isa = PBXBuildFile; fileRef = C4A3C5DB1DC54783001361FC /* ShopListController.m */; };
		C4A3C5E51DC54783001361FC /* ShoplistViewController.m in Sources */ = {isa = PBXBuildFile; fileRef = C4A3C5DD1DC54783001361FC /* ShoplistViewController.m */; };
		C4A3C5E81DC54804001361FC /* catalog.json in Resources */ = {isa = PBXBuildFile; fileRef = C4A3C5EA1DC54804001361FC /* catalog.json */; };
/* End PBXBuildFile section */

/* Begin PBXContainerItemProxy section */
		C46F533C1DC56FFF0068E28D /* PBXContainerItemProxy */ = {
			isa = PBXContainerItemProxy;
			containerPortal = C4A3C57A1DC53C2C001361FC /* Project object */;
			proxyType = 1;
			remoteGlobalIDString = C46F53391DC56FFF0068E28D;
			remoteInfo = "WatchApp Extension";
		};
		C46F53481DC56FFF0068E28D /* PBXContainerItemProxy */ = {
			isa = PBXContainerItemProxy;
			containerPortal = C4A3C57A1DC53C2C001361FC /* Project object */;
			proxyType = 1;
			remoteGlobalIDString = C46F532D1DC56FFE0068E28D;
			remoteInfo = WatchApp;
		};
		C4876F421DC5511B00877194 /* PBXContainerItemProxy */ = {
			isa = PBXContainerItemProxy;
			containerPortal = C4A3C57A1DC53C2C001361FC /* Project object */;
			proxyType = 1;
			remoteGlobalIDString = C4876F351DC5511B00877194;
			remoteInfo = LetsShoppingWidget;
		};
/* End PBXContainerItemProxy section */

/* Begin PBXCopyFilesBuildPhase section */
		C46F53501DC56FFF0068E28D /* Embed App Extensions */ = {
			isa = PBXCopyFilesBuildPhase;
			buildActionMask = 2147483647;
			dstPath = "";
			dstSubfolderSpec = 13;
			files = (
				C46F533B1DC56FFF0068E28D /* WatchApp Extension.appex in Embed App Extensions */,
			);
			name = "Embed App Extensions";
			runOnlyForDeploymentPostprocessing = 0;
		};
		C46F53521DC56FFF0068E28D /* Embed Watch Content */ = {
			isa = PBXCopyFilesBuildPhase;
			buildActionMask = 2147483647;
			dstPath = "$(CONTENTS_FOLDER_PATH)/Watch";
			dstSubfolderSpec = 16;
			files = (
				C46F534A1DC56FFF0068E28D /* WatchApp.app in Embed Watch Content */,
			);
			name = "Embed Watch Content";
			runOnlyForDeploymentPostprocessing = 0;
		};
		C4876F481DC5511B00877194 /* Embed App Extensions */ = {
			isa = PBXCopyFilesBuildPhase;
			buildActionMask = 2147483647;
			dstPath = "";
			dstSubfolderSpec = 13;
			files = (
				C4876F441DC5511B00877194 /* LetsShoppingWidget.appex in Embed App Extensions */,
			);
			name = "Embed App Extensions";
			runOnlyForDeploymentPostprocessing = 0;
		};
/* End PBXCopyFilesBuildPhase section */

/* Begin PBXFileReference section */
		C4171C121FB1C75C0060CA24 /* NSObject+Localizable.h */ = {isa = PBXFileReference; fileEncoding = 4; lastKnownFileType = sourcecode.c.h; path = "NSObject+Localizable.h"; sourceTree = "<group>"; };
		C4171C131FB1C75C0060CA24 /* UILocalizable+Localizable.m */ = {isa = PBXFileReference; fileEncoding = 4; lastKnownFileType = sourcecode.c.objc; path = "UILocalizable+Localizable.m"; sourceTree = "<group>"; };
		C46F532E1DC56FFE0068E28D /* WatchApp.app */ = {isa = PBXFileReference; explicitFileType = wrapper.application; includeInIndex = 0; path = WatchApp.app; sourceTree = BUILT_PRODUCTS_DIR; };
		C46F53311DC56FFE0068E28D /* Base */ = {isa = PBXFileReference; lastKnownFileType = file.storyboard; name = Base; path = Base.lproj/Interface.storyboard; sourceTree = "<group>"; };
		C46F53331DC56FFE0068E28D /* Assets.xcassets */ = {isa = PBXFileReference; lastKnownFileType = folder.assetcatalog; path = Assets.xcassets; sourceTree = "<group>"; };
		C46F53351DC56FFE0068E28D /* Info.plist */ = {isa = PBXFileReference; lastKnownFileType = text.plist.xml; path = Info.plist; sourceTree = "<group>"; };
		C46F533A1DC56FFF0068E28D /* WatchApp Extension.appex */ = {isa = PBXFileReference; explicitFileType = "wrapper.app-extension"; includeInIndex = 0; path = "WatchApp Extension.appex"; sourceTree = BUILT_PRODUCTS_DIR; };
		C46F533F1DC56FFF0068E28D /* InterfaceController.h */ = {isa = PBXFileReference; lastKnownFileType = sourcecode.c.h; path = InterfaceController.h; sourceTree = "<group>"; };
		C46F53401DC56FFF0068E28D /* InterfaceController.m */ = {isa = PBXFileReference; lastKnownFileType = sourcecode.c.objc; path = InterfaceController.m; sourceTree = "<group>"; };
		C46F53421DC56FFF0068E28D /* ExtensionDelegate.h */ = {isa = PBXFileReference; lastKnownFileType = sourcecode.c.h; path = ExtensionDelegate.h; sourceTree = "<group>"; };
		C46F53431DC56FFF0068E28D /* ExtensionDelegate.m */ = {isa = PBXFileReference; lastKnownFileType = sourcecode.c.objc; path = ExtensionDelegate.m; sourceTree = "<group>"; };
		C46F53451DC56FFF0068E28D /* Assets.xcassets */ = {isa = PBXFileReference; lastKnownFileType = folder.assetcatalog; path = Assets.xcassets; sourceTree = "<group>"; };
		C46F53471DC56FFF0068E28D /* Info.plist */ = {isa = PBXFileReference; lastKnownFileType = text.plist.xml; path = Info.plist; sourceTree = "<group>"; };
		C46F53561DC571B60068E28D /* ru */ = {isa = PBXFileReference; lastKnownFileType = text.plist.strings; name = ru; path = ru.lproj/InfoPlist.strings; sourceTree = "<group>"; };
		C46F535B1DC572320068E28D /* ru */ = {isa = PBXFileReference; lastKnownFileType = text.plist.strings; name = ru; path = ru.lproj/InfoPlist.strings; sourceTree = "<group>"; };
		C46F53601DC575430068E28D /* ru */ = {isa = PBXFileReference; lastKnownFileType = text.plist.strings; name = ru; path = ru.lproj/Localizable.strings; sourceTree = "<group>"; };
		C4876F2F1DC5506800877194 /* Base */ = {isa = PBXFileReference; lastKnownFileType = text.plist.strings; name = Base; path = Base.lproj/InfoPlist.strings; sourceTree = "<group>"; };
		C4876F311DC5507900877194 /* ru */ = {isa = PBXFileReference; lastKnownFileType = text.plist.strings; name = ru; path = ru.lproj/InfoPlist.strings; sourceTree = "<group>"; };
		C4876F361DC5511B00877194 /* LetsShoppingWidget.appex */ = {isa = PBXFileReference; explicitFileType = "wrapper.app-extension"; includeInIndex = 0; path = LetsShoppingWidget.appex; sourceTree = BUILT_PRODUCTS_DIR; };
		C4876F381DC5511B00877194 /* NotificationCenter.framework */ = {isa = PBXFileReference; lastKnownFileType = wrapper.framework; name = NotificationCenter.framework; path = System/Library/Frameworks/NotificationCenter.framework; sourceTree = SDKROOT; };
		C4876F3B1DC5511B00877194 /* TodayViewController.h */ = {isa = PBXFileReference; lastKnownFileType = sourcecode.c.h; path = TodayViewController.h; sourceTree = "<group>"; };
		C4876F3C1DC5511B00877194 /* TodayViewController.m */ = {isa = PBXFileReference; lastKnownFileType = sourcecode.c.objc; path = TodayViewController.m; sourceTree = "<group>"; };
		C4876F3F1DC5511B00877194 /* Base */ = {isa = PBXFileReference; lastKnownFileType = file.storyboard; name = Base; path = Base.lproj/MainInterface.storyboard; sourceTree = "<group>"; };
		C4876F411DC5511B00877194 /* Info.plist */ = {isa = PBXFileReference; lastKnownFileType = text.plist.xml; path = Info.plist; sourceTree = "<group>"; };
		C4876F491DC5525B00877194 /* Images.xcassets */ = {isa = PBXFileReference; lastKnownFileType = folder.assetcatalog; path = Images.xcassets; sourceTree = "<group>"; };
		C4876F4B1DC5547D00877194 /* letsshopping.entitlements */ = {isa = PBXFileReference; lastKnownFileType = text.plist.entitlements; path = letsshopping.entitlements; sourceTree = "<group>"; };
		C4876F4C1DC5549D00877194 /* LetsShoppingWidget.entitlements */ = {isa = PBXFileReference; lastKnownFileType = text.plist.entitlements; path = LetsShoppingWidget.entitlements; sourceTree = "<group>"; };
		C4876F511DC5589C00877194 /* Base */ = {isa = PBXFileReference; lastKnownFileType = text.plist.strings; name = Base; path = Base.lproj/InfoPlist.strings; sourceTree = "<group>"; };
		C4876F531DC5589E00877194 /* ru */ = {isa = PBXFileReference; lastKnownFileType = text.plist.strings; name = ru; path = ru.lproj/InfoPlist.strings; sourceTree = "<group>"; };
		C4876F571DC55A0F00877194 /* ru */ = {isa = PBXFileReference; lastKnownFileType = text.plist.strings; name = ru; path = ru.lproj/Localizable.strings; sourceTree = "<group>"; };
		C48E15DC1DC580400030495C /* ru */ = {isa = PBXFileReference; lastKnownFileType = text.plist.strings; name = ru; path = ru.lproj/Localizable.strings; sourceTree = "<group>"; };
		C4A3C5821DC53C2C001361FC /* letsshopping.app */ = {isa = PBXFileReference; explicitFileType = wrapper.application; includeInIndex = 0; path = letsshopping.app; sourceTree = BUILT_PRODUCTS_DIR; };
		C4A3C5861DC53C2C001361FC /* main.m */ = {isa = PBXFileReference; lastKnownFileType = sourcecode.c.objc; path = main.m; sourceTree = "<group>"; };
		C4A3C58F1DC53C2C001361FC /* Base */ = {isa = PBXFileReference; lastKnownFileType = file.storyboard; name = Base; path = Base.lproj/Main.storyboard; sourceTree = "<group>"; };
		C4A3C5921DC53C2C001361FC /* letsshopping.xcdatamodel */ = {isa = PBXFileReference; lastKnownFileType = wrapper.xcdatamodel; path = letsshopping.xcdatamodel; sourceTree = "<group>"; };
		C4A3C5941DC53C2C001361FC /* Assets.xcassets */ = {isa = PBXFileReference; lastKnownFileType = folder.assetcatalog; path = Assets.xcassets; sourceTree = "<group>"; };
		C4A3C5971DC53C2C001361FC /* Base */ = {isa = PBXFileReference; lastKnownFileType = file.storyboard; name = Base; path = Base.lproj/LaunchScreen.storyboard; sourceTree = "<group>"; };
		C4A3C5991DC53C2C001361FC /* Info.plist */ = {isa = PBXFileReference; lastKnownFileType = text.plist.xml; path = Info.plist; sourceTree = "<group>"; };
		C4A3C59F1DC53F8C001361FC /* ru */ = {isa = PBXFileReference; lastKnownFileType = text.plist.strings; name = ru; path = ru.lproj/LaunchScreen.strings; sourceTree = "<group>"; };
		C4A3C5A11DC542C0001361FC /* Commodity.h */ = {isa = PBXFileReference; fileEncoding = 4; lastKnownFileType = sourcecode.c.h; path = Commodity.h; sourceTree = "<group>"; };
		C4A3C5A21DC542C0001361FC /* Commodity.m */ = {isa = PBXFileReference; fileEncoding = 4; lastKnownFileType = sourcecode.c.objc; path = Commodity.m; sourceTree = "<group>"; };
		C4A3C5A31DC542C0001361FC /* Product.h */ = {isa = PBXFileReference; fileEncoding = 4; lastKnownFileType = sourcecode.c.h; path = Product.h; sourceTree = "<group>"; };
		C4A3C5A41DC542C0001361FC /* Product.m */ = {isa = PBXFileReference; fileEncoding = 4; lastKnownFileType = sourcecode.c.objc; path = Product.m; sourceTree = "<group>"; };
		C4A3C5A51DC542C0001361FC /* SharedCommodity.h */ = {isa = PBXFileReference; fileEncoding = 4; lastKnownFileType = sourcecode.c.h; path = SharedCommodity.h; sourceTree = "<group>"; };
		C4A3C5A61DC542C0001361FC /* SharedCommodity.m */ = {isa = PBXFileReference; fileEncoding = 4; lastKnownFileType = sourcecode.c.objc; path = SharedCommodity.m; sourceTree = "<group>"; };
		C4A3C5A71DC542C0001361FC /* SharedList.h */ = {isa = PBXFileReference; fileEncoding = 4; lastKnownFileType = sourcecode.c.h; path = SharedList.h; sourceTree = "<group>"; };
		C4A3C5A81DC542C0001361FC /* SharedList.m */ = {isa = PBXFileReference; fileEncoding = 4; lastKnownFileType = sourcecode.c.objc; path = SharedList.m; sourceTree = "<group>"; };
		C4A3C5A91DC542C0001361FC /* ShopCategory.h */ = {isa = PBXFileReference; fileEncoding = 4; lastKnownFileType = sourcecode.c.h; path = ShopCategory.h; sourceTree = "<group>"; };
		C4A3C5AA1DC542C0001361FC /* ShopCategory.m */ = {isa = PBXFileReference; fileEncoding = 4; lastKnownFileType = sourcecode.c.objc; path = ShopCategory.m; sourceTree = "<group>"; };
		C4A3C5AB1DC542C0001361FC /* Shoplist.h */ = {isa = PBXFileReference; fileEncoding = 4; lastKnownFileType = sourcecode.c.h; path = Shoplist.h; sourceTree = "<group>"; };
		C4A3C5AC1DC542C0001361FC /* Shoplist.m */ = {isa = PBXFileReference; fileEncoding = 4; lastKnownFileType = sourcecode.c.objc; path = Shoplist.m; sourceTree = "<group>"; };
		C4A3C5B41DC544A7001361FC /* AppDelegate.h */ = {isa = PBXFileReference; fileEncoding = 4; lastKnownFileType = sourcecode.c.h; path = AppDelegate.h; sourceTree = "<group>"; };
		C4A3C5B51DC544A7001361FC /* AppDelegate.m */ = {isa = PBXFileReference; fileEncoding = 4; lastKnownFileType = sourcecode.c.objc; path = AppDelegate.m; sourceTree = "<group>"; };
		C4A3C5B71DC54652001361FC /* BinaryExportProvider.h */ = {isa = PBXFileReference; fileEncoding = 4; lastKnownFileType = sourcecode.c.h; path = BinaryExportProvider.h; sourceTree = "<group>"; };
		C4A3C5B81DC54652001361FC /* BinaryExportProvider.m */ = {isa = PBXFileReference; fileEncoding = 4; lastKnownFileType = sourcecode.c.objc; path = BinaryExportProvider.m; sourceTree = "<group>"; };
		C4A3C5B91DC54652001361FC /* ImportHelper.h */ = {isa = PBXFileReference; fileEncoding = 4; lastKnownFileType = sourcecode.c.h; path = ImportHelper.h; sourceTree = "<group>"; };
		C4A3C5BA1DC54652001361FC /* ImportHelper.m */ = {isa = PBXFileReference; fileEncoding = 4; lastKnownFileType = sourcecode.c.objc; path = ImportHelper.m; sourceTree = "<group>"; };
		C4A3C5BB1DC54652001361FC /* LogHelper.h */ = {isa = PBXFileReference; fileEncoding = 4; lastKnownFileType = sourcecode.c.h; path = LogHelper.h; sourceTree = "<group>"; };
		C4A3C5BC1DC54652001361FC /* LogHelper.m */ = {isa = PBXFileReference; fileEncoding = 4; lastKnownFileType = sourcecode.c.objc; path = LogHelper.m; sourceTree = "<group>"; };
		C4A3C5BD1DC54652001361FC /* StorageHelper.h */ = {isa = PBXFileReference; fileEncoding = 4; lastKnownFileType = sourcecode.c.h; path = StorageHelper.h; sourceTree = "<group>"; };
		C4A3C5BE1DC54652001361FC /* StorageHelper.m */ = {isa = PBXFileReference; fileEncoding = 4; lastKnownFileType = sourcecode.c.objc; path = StorageHelper.m; sourceTree = "<group>"; };
		C4A3C5BF1DC54652001361FC /* TextExportProvider.h */ = {isa = PBXFileReference; fileEncoding = 4; lastKnownFileType = sourcecode.c.h; path = TextExportProvider.h; sourceTree = "<group>"; };
		C4A3C5C01DC54652001361FC /* TextExportProvider.m */ = {isa = PBXFileReference; fileEncoding = 4; lastKnownFileType = sourcecode.c.objc; path = TextExportProvider.m; sourceTree = "<group>"; };
		C4A3C5C71DC54754001361FC /* ALToastView.h */ = {isa = PBXFileReference; fileEncoding = 4; lastKnownFileType = sourcecode.c.h; path = ALToastView.h; sourceTree = "<group>"; };
		C4A3C5C81DC54754001361FC /* ALToastView.m */ = {isa = PBXFileReference; fileEncoding = 4; lastKnownFileType = sourcecode.c.objc; path = ALToastView.m; sourceTree = "<group>"; };
		C4A3C5C91DC54754001361FC /* LightTableCell.h */ = {isa = PBXFileReference; fileEncoding = 4; lastKnownFileType = sourcecode.c.h; path = LightTableCell.h; sourceTree = "<group>"; };
		C4A3C5CA1DC54754001361FC /* LightTableCell.m */ = {isa = PBXFileReference; fileEncoding = 4; lastKnownFileType = sourcecode.c.objc; path = LightTableCell.m; sourceTree = "<group>"; };
		C4A3C5CE1DC54783001361FC /* AboutController.h */ = {isa = PBXFileReference; fileEncoding = 4; lastKnownFileType = sourcecode.c.h; path = AboutController.h; sourceTree = "<group>"; };
		C4A3C5CF1DC54783001361FC /* AboutController.m */ = {isa = PBXFileReference; fileEncoding = 4; lastKnownFileType = sourcecode.c.objc; path = AboutController.m; sourceTree = "<group>"; };
		C4A3C5D01DC54783001361FC /* BaseFetchedResultsController.h */ = {isa = PBXFileReference; fileEncoding = 4; lastKnownFileType = sourcecode.c.h; path = BaseFetchedResultsController.h; sourceTree = "<group>"; };
		C4A3C5D11DC54783001361FC /* BaseFetchedResultsController.m */ = {isa = PBXFileReference; fileEncoding = 4; lastKnownFileType = sourcecode.c.objc; path = BaseFetchedResultsController.m; sourceTree = "<group>"; };
		C4A3C5D21DC54783001361FC /* ProductController.h */ = {isa = PBXFileReference; fileEncoding = 4; lastKnownFileType = sourcecode.c.h; path = ProductController.h; sourceTree = "<group>"; };
		C4A3C5D31DC54783001361FC /* ProductController.m */ = {isa = PBXFileReference; fileEncoding = 4; lastKnownFileType = sourcecode.c.objc; path = ProductController.m; sourceTree = "<group>"; };
		C4A3C5D41DC54783001361FC /* ProductListController.h */ = {isa = PBXFileReference; fileEncoding = 4; lastKnownFileType = sourcecode.c.h; path = ProductListController.h; sourceTree = "<group>"; };
		C4A3C5D51DC54783001361FC /* ProductListController.m */ = {isa = PBXFileReference; fileEncoding = 4; lastKnownFileType = sourcecode.c.objc; path = ProductListController.m; sourceTree = "<group>"; };
		C4A3C5D61DC54783001361FC /* ShopcategoryController.h */ = {isa = PBXFileReference; fileEncoding = 4; lastKnownFileType = sourcecode.c.h; path = ShopcategoryController.h; sourceTree = "<group>"; };
		C4A3C5D71DC54783001361FC /* ShopcategoryController.m */ = {isa = PBXFileReference; fileEncoding = 4; lastKnownFileType = sourcecode.c.objc; path = ShopcategoryController.m; sourceTree = "<group>"; };
		C4A3C5D81DC54783001361FC /* ShopcategoryListController.h */ = {isa = PBXFileReference; fileEncoding = 4; lastKnownFileType = sourcecode.c.h; path = ShopcategoryListController.h; sourceTree = "<group>"; };
		C4A3C5D91DC54783001361FC /* ShopcategoryListController.m */ = {isa = PBXFileReference; fileEncoding = 4; lastKnownFileType = sourcecode.c.objc; path = ShopcategoryListController.m; sourceTree = "<group>"; };
		C4A3C5DA1DC54783001361FC /* ShopListController.h */ = {isa = PBXFileReference; fileEncoding = 4; lastKnownFileType = sourcecode.c.h; path = ShopListController.h; sourceTree = "<group>"; };
		C4A3C5DB1DC54783001361FC /* ShopListController.m */ = {isa = PBXFileReference; fileEncoding = 4; lastKnownFileType = sourcecode.c.objc; path = ShopListController.m; sourceTree = "<group>"; };
		C4A3C5DC1DC54783001361FC /* ShoplistViewController.h */ = {isa = PBXFileReference; fileEncoding = 4; lastKnownFileType = sourcecode.c.h; path = ShoplistViewController.h; sourceTree = "<group>"; };
		C4A3C5DD1DC54783001361FC /* ShoplistViewController.m */ = {isa = PBXFileReference; fileEncoding = 4; lastKnownFileType = sourcecode.c.objc; path = ShoplistViewController.m; sourceTree = "<group>"; };
		C4A3C5E91DC54804001361FC /* Base */ = {isa = PBXFileReference; lastKnownFileType = text.json; name = Base; path = Base.lproj/catalog.json; sourceTree = "<group>"; };
		C4A3C5EB1DC54808001361FC /* ru */ = {isa = PBXFileReference; lastKnownFileType = text.json; name = ru; path = ru.lproj/catalog.json; sourceTree = "<group>"; };
/* End PBXFileReference section */

/* Begin PBXFrameworksBuildPhase section */
		C46F53371DC56FFF0068E28D /* Frameworks */ = {
			isa = PBXFrameworksBuildPhase;
			buildActionMask = 2147483647;
			files = (
			);
			runOnlyForDeploymentPostprocessing = 0;
		};
		C4876F331DC5511B00877194 /* Frameworks */ = {
			isa = PBXFrameworksBuildPhase;
			buildActionMask = 2147483647;
			files = (
				C4876F391DC5511B00877194 /* NotificationCenter.framework in Frameworks */,
			);
			runOnlyForDeploymentPostprocessing = 0;
		};
		C4A3C57F1DC53C2C001361FC /* Frameworks */ = {
			isa = PBXFrameworksBuildPhase;
			buildActionMask = 2147483647;
			files = (
			);
			runOnlyForDeploymentPostprocessing = 0;
		};
/* End PBXFrameworksBuildPhase section */

/* Begin PBXGroup section */
		C46F532F1DC56FFE0068E28D /* WatchApp */ = {
			isa = PBXGroup;
			children = (
				C46F53301DC56FFE0068E28D /* Interface.storyboard */,
				C46F53331DC56FFE0068E28D /* Assets.xcassets */,
				C46F53351DC56FFE0068E28D /* Info.plist */,
				C46F53571DC571B60068E28D /* InfoPlist.strings */,
			);
			path = WatchApp;
			sourceTree = "<group>";
		};
		C46F533E1DC56FFF0068E28D /* WatchApp Extension */ = {
			isa = PBXGroup;
			children = (
				C46F533F1DC56FFF0068E28D /* InterfaceController.h */,
				C46F53401DC56FFF0068E28D /* InterfaceController.m */,
				C46F53421DC56FFF0068E28D /* ExtensionDelegate.h */,
				C46F53431DC56FFF0068E28D /* ExtensionDelegate.m */,
				C46F53451DC56FFF0068E28D /* Assets.xcassets */,
				C46F53471DC56FFF0068E28D /* Info.plist */,
				C46F535C1DC572320068E28D /* InfoPlist.strings */,
				C46F53611DC575430068E28D /* Localizable.strings */,
			);
			path = "WatchApp Extension";
			sourceTree = "<group>";
		};
		C4876F371DC5511B00877194 /* Frameworks */ = {
			isa = PBXGroup;
			children = (
				C4876F381DC5511B00877194 /* NotificationCenter.framework */,
			);
			name = Frameworks;
			sourceTree = "<group>";
		};
		C4876F3A1DC5511B00877194 /* LetsShoppingWidget */ = {
			isa = PBXGroup;
			children = (
				C4876F4C1DC5549D00877194 /* LetsShoppingWidget.entitlements */,
				C4876F3B1DC5511B00877194 /* TodayViewController.h */,
				C4876F3C1DC5511B00877194 /* TodayViewController.m */,
				C4876F3E1DC5511B00877194 /* MainInterface.storyboard */,
				C4876F411DC5511B00877194 /* Info.plist */,
				C4876F491DC5525B00877194 /* Images.xcassets */,
				C4876F521DC5589C00877194 /* InfoPlist.strings */,
				C48E15DA1DC57FFD0030495C /* Localizable.strings */,
			);
			path = LetsShoppingWidget;
			sourceTree = "<group>";
		};
		C4A3C5791DC53C2C001361FC = {
			isa = PBXGroup;
			children = (
				C4A3C5841DC53C2C001361FC /* letsshopping */,
				C4876F3A1DC5511B00877194 /* LetsShoppingWidget */,
				C46F532F1DC56FFE0068E28D /* WatchApp */,
				C46F533E1DC56FFF0068E28D /* WatchApp Extension */,
				C4876F371DC5511B00877194 /* Frameworks */,
				C4A3C5831DC53C2C001361FC /* Products */,
			);
			sourceTree = "<group>";
		};
		C4A3C5831DC53C2C001361FC /* Products */ = {
			isa = PBXGroup;
			children = (
				C4A3C5821DC53C2C001361FC /* letsshopping.app */,
				C4876F361DC5511B00877194 /* LetsShoppingWidget.appex */,
				C46F532E1DC56FFE0068E28D /* WatchApp.app */,
				C46F533A1DC56FFF0068E28D /* WatchApp Extension.appex */,
			);
			name = Products;
			sourceTree = "<group>";
		};
		C4A3C5841DC53C2C001361FC /* letsshopping */ = {
			isa = PBXGroup;
			children = (
				C4876F4B1DC5547D00877194 /* letsshopping.entitlements */,
				C4A3C5A01DC542C0001361FC /* bo */,
				C4A3C5B31DC5445F001361FC /* classes */,
				C4A3C5C61DC54754001361FC /* views */,
				C4A3C5CD1DC54783001361FC /* controllers */,
				C4A3C58E1DC53C2C001361FC /* Main.storyboard */,
				C4A3C5941DC53C2C001361FC /* Assets.xcassets */,
				C4A3C5961DC53C2C001361FC /* LaunchScreen.storyboard */,
				C4A3C5991DC53C2C001361FC /* Info.plist */,
				C4A3C5911DC53C2C001361FC /* letsshopping.xcdatamodeld */,
				C4A3C5851DC53C2C001361FC /* Supporting Files */,
			);
			path = letsshopping;
			sourceTree = "<group>";
		};
		C4A3C5851DC53C2C001361FC /* Supporting Files */ = {
			isa = PBXGroup;
			children = (
				C4A3C5EA1DC54804001361FC /* catalog.json */,
				C4A3C5861DC53C2C001361FC /* main.m */,
				C4876F301DC5506800877194 /* InfoPlist.strings */,
				C4876F581DC55A0F00877194 /* Localizable.strings */,
			);
			name = "Supporting Files";
			sourceTree = "<group>";
		};
		C4A3C5A01DC542C0001361FC /* bo */ = {
			isa = PBXGroup;
			children = (
				C4A3C5A11DC542C0001361FC /* Commodity.h */,
				C4A3C5A21DC542C0001361FC /* Commodity.m */,
				C4A3C5A31DC542C0001361FC /* Product.h */,
				C4A3C5A41DC542C0001361FC /* Product.m */,
				C4A3C5A51DC542C0001361FC /* SharedCommodity.h */,
				C4A3C5A61DC542C0001361FC /* SharedCommodity.m */,
				C4A3C5A71DC542C0001361FC /* SharedList.h */,
				C4A3C5A81DC542C0001361FC /* SharedList.m */,
				C4A3C5A91DC542C0001361FC /* ShopCategory.h */,
				C4A3C5AA1DC542C0001361FC /* ShopCategory.m */,
				C4A3C5AB1DC542C0001361FC /* Shoplist.h */,
				C4A3C5AC1DC542C0001361FC /* Shoplist.m */,
			);
			path = bo;
			sourceTree = "<group>";
		};
		C4A3C5B31DC5445F001361FC /* classes */ = {
			isa = PBXGroup;
			children = (
				C4A3C5B41DC544A7001361FC /* AppDelegate.h */,
				C4A3C5B51DC544A7001361FC /* AppDelegate.m */,
				C4A3C5B71DC54652001361FC /* BinaryExportProvider.h */,
				C4A3C5B81DC54652001361FC /* BinaryExportProvider.m */,
				C4A3C5B91DC54652001361FC /* ImportHelper.h */,
				C4A3C5BA1DC54652001361FC /* ImportHelper.m */,
				C4A3C5BB1DC54652001361FC /* LogHelper.h */,
				C4A3C5BC1DC54652001361FC /* LogHelper.m */,
				C4A3C5BD1DC54652001361FC /* StorageHelper.h */,
				C4A3C5BE1DC54652001361FC /* StorageHelper.m */,
				C4A3C5BF1DC54652001361FC /* TextExportProvider.h */,
				C4A3C5C01DC54652001361FC /* TextExportProvider.m */,
				C4171C121FB1C75C0060CA24 /* NSObject+Localizable.h */,
				C4171C131FB1C75C0060CA24 /* UILocalizable+Localizable.m */,
			);
			path = classes;
			sourceTree = "<group>";
		};
		C4A3C5C61DC54754001361FC /* views */ = {
			isa = PBXGroup;
			children = (
				C4A3C5C71DC54754001361FC /* ALToastView.h */,
				C4A3C5C81DC54754001361FC /* ALToastView.m */,
				C4A3C5C91DC54754001361FC /* LightTableCell.h */,
				C4A3C5CA1DC54754001361FC /* LightTableCell.m */,
			);
			path = views;
			sourceTree = "<group>";
		};
		C4A3C5CD1DC54783001361FC /* controllers */ = {
			isa = PBXGroup;
			children = (
				C4A3C5CE1DC54783001361FC /* AboutController.h */,
				C4A3C5CF1DC54783001361FC /* AboutController.m */,
				C4A3C5D01DC54783001361FC /* BaseFetchedResultsController.h */,
				C4A3C5D11DC54783001361FC /* BaseFetchedResultsController.m */,
				C4A3C5D21DC54783001361FC /* ProductController.h */,
				C4A3C5D31DC54783001361FC /* ProductController.m */,
				C4A3C5D41DC54783001361FC /* ProductListController.h */,
				C4A3C5D51DC54783001361FC /* ProductListController.m */,
				C4A3C5D61DC54783001361FC /* ShopcategoryController.h */,
				C4A3C5D71DC54783001361FC /* ShopcategoryController.m */,
				C4A3C5D81DC54783001361FC /* ShopcategoryListController.h */,
				C4A3C5D91DC54783001361FC /* ShopcategoryListController.m */,
				C4A3C5DA1DC54783001361FC /* ShopListController.h */,
				C4A3C5DB1DC54783001361FC /* ShopListController.m */,
				C4A3C5DC1DC54783001361FC /* ShoplistViewController.h */,
				C4A3C5DD1DC54783001361FC /* ShoplistViewController.m */,
			);
			path = controllers;
			sourceTree = "<group>";
		};
/* End PBXGroup section */

/* Begin PBXNativeTarget section */
		C46F532D1DC56FFE0068E28D /* WatchApp */ = {
			isa = PBXNativeTarget;
			buildConfigurationList = C46F53511DC56FFF0068E28D /* Build configuration list for PBXNativeTarget "WatchApp" */;
			buildPhases = (
				C46F532C1DC56FFE0068E28D /* Resources */,
				C46F53501DC56FFF0068E28D /* Embed App Extensions */,
			);
			buildRules = (
			);
			dependencies = (
				C46F533D1DC56FFF0068E28D /* PBXTargetDependency */,
			);
			name = WatchApp;
			productName = WatchApp;
			productReference = C46F532E1DC56FFE0068E28D /* WatchApp.app */;
			productType = "com.apple.product-type.application.watchapp2";
		};
		C46F53391DC56FFF0068E28D /* WatchApp Extension */ = {
			isa = PBXNativeTarget;
			buildConfigurationList = C46F534F1DC56FFF0068E28D /* Build configuration list for PBXNativeTarget "WatchApp Extension" */;
			buildPhases = (
				C46F53361DC56FFF0068E28D /* Sources */,
				C46F53371DC56FFF0068E28D /* Frameworks */,
				C46F53381DC56FFF0068E28D /* Resources */,
			);
			buildRules = (
			);
			dependencies = (
			);
			name = "WatchApp Extension";
			productName = "WatchApp Extension";
			productReference = C46F533A1DC56FFF0068E28D /* WatchApp Extension.appex */;
			productType = "com.apple.product-type.watchkit2-extension";
		};
		C4876F351DC5511B00877194 /* LetsShoppingWidget */ = {
			isa = PBXNativeTarget;
			buildConfigurationList = C4876F451DC5511B00877194 /* Build configuration list for PBXNativeTarget "LetsShoppingWidget" */;
			buildPhases = (
				C4876F321DC5511B00877194 /* Sources */,
				C4876F331DC5511B00877194 /* Frameworks */,
				C4876F341DC5511B00877194 /* Resources */,
			);
			buildRules = (
			);
			dependencies = (
			);
			name = LetsShoppingWidget;
			productName = LetsShoppingWidget;
			productReference = C4876F361DC5511B00877194 /* LetsShoppingWidget.appex */;
			productType = "com.apple.product-type.app-extension";
		};
		C4A3C5811DC53C2C001361FC /* letsshopping */ = {
			isa = PBXNativeTarget;
			buildConfigurationList = C4A3C59C1DC53C2C001361FC /* Build configuration list for PBXNativeTarget "letsshopping" */;
			buildPhases = (
				C4A3C57E1DC53C2C001361FC /* Sources */,
				C4A3C57F1DC53C2C001361FC /* Frameworks */,
				C4A3C5801DC53C2C001361FC /* Resources */,
				C4876F481DC5511B00877194 /* Embed App Extensions */,
				C46F53521DC56FFF0068E28D /* Embed Watch Content */,
			);
			buildRules = (
			);
			dependencies = (
				C4876F431DC5511B00877194 /* PBXTargetDependency */,
				C46F53491DC56FFF0068E28D /* PBXTargetDependency */,
			);
			name = letsshopping;
			productName = letsshopping;
			productReference = C4A3C5821DC53C2C001361FC /* letsshopping.app */;
			productType = "com.apple.product-type.application";
		};
/* End PBXNativeTarget section */

/* Begin PBXProject section */
		C4A3C57A1DC53C2C001361FC /* Project object */ = {
			isa = PBXProject;
			attributes = {
				LastUpgradeCheck = 0900;
				ORGANIZATIONNAME = "Pavel Tsybulin";
				TargetAttributes = {
					C46F532D1DC56FFE0068E28D = {
						CreatedOnToolsVersion = 8.1;
						ProvisioningStyle = Automatic;
					};
					C46F53391DC56FFF0068E28D = {
						CreatedOnToolsVersion = 8.1;
						ProvisioningStyle = Automatic;
					};
					C4876F351DC5511B00877194 = {
						CreatedOnToolsVersion = 8.1;
						ProvisioningStyle = Automatic;
						SystemCapabilities = {
							com.apple.ApplicationGroups.iOS = {
								enabled = 1;
							};
						};
					};
					C4A3C5811DC53C2C001361FC = {
						CreatedOnToolsVersion = 8.1;
						DevelopmentTeam = V3B8Z5MTV4;
						ProvisioningStyle = Automatic;
						SystemCapabilities = {
							com.apple.ApplicationGroups.iOS = {
								enabled = 1;
							};
						};
					};
				};
			};
			buildConfigurationList = C4A3C57D1DC53C2C001361FC /* Build configuration list for PBXProject "letsshopping" */;
			compatibilityVersion = "Xcode 8.0";
			developmentRegion = English;
			hasScannedForEncodings = 0;
			knownRegions = (
				en,
				Base,
				ru,
			);
			mainGroup = C4A3C5791DC53C2C001361FC;
			productRefGroup = C4A3C5831DC53C2C001361FC /* Products */;
			projectDirPath = "";
			projectRoot = "";
			targets = (
				C4A3C5811DC53C2C001361FC /* letsshopping */,
				C4876F351DC5511B00877194 /* LetsShoppingWidget */,
				C46F532D1DC56FFE0068E28D /* WatchApp */,
				C46F53391DC56FFF0068E28D /* WatchApp Extension */,
			);
		};
/* End PBXProject section */

/* Begin PBXResourcesBuildPhase section */
		C46F532C1DC56FFE0068E28D /* Resources */ = {
			isa = PBXResourcesBuildPhase;
			buildActionMask = 2147483647;
			files = (
				C46F53341DC56FFE0068E28D /* Assets.xcassets in Resources */,
				C46F53551DC571B60068E28D /* InfoPlist.strings in Resources */,
				C46F53321DC56FFE0068E28D /* Interface.storyboard in Resources */,
			);
			runOnlyForDeploymentPostprocessing = 0;
		};
		C46F53381DC56FFF0068E28D /* Resources */ = {
			isa = PBXResourcesBuildPhase;
			buildActionMask = 2147483647;
			files = (
				C46F53461DC56FFF0068E28D /* Assets.xcassets in Resources */,
				C46F535F1DC575430068E28D /* Localizable.strings in Resources */,
				C46F535A1DC572320068E28D /* InfoPlist.strings in Resources */,
			);
			runOnlyForDeploymentPostprocessing = 0;
		};
		C4876F341DC5511B00877194 /* Resources */ = {
			isa = PBXResourcesBuildPhase;
			buildActionMask = 2147483647;
			files = (
				C4876F401DC5511B00877194 /* MainInterface.storyboard in Resources */,
				C48E15D81DC57FFD0030495C /* Localizable.strings in Resources */,
				C4876F501DC5589C00877194 /* InfoPlist.strings in Resources */,
				C4876F4A1DC5525B00877194 /* Images.xcassets in Resources */,
			);
			runOnlyForDeploymentPostprocessing = 0;
		};
		C4A3C5801DC53C2C001361FC /* Resources */ = {
			isa = PBXResourcesBuildPhase;
			buildActionMask = 2147483647;
			files = (
				C4A3C5981DC53C2C001361FC /* LaunchScreen.storyboard in Resources */,
				C4876F561DC55A0F00877194 /* Localizable.strings in Resources */,
				C4A3C5951DC53C2C001361FC /* Assets.xcassets in Resources */,
				C4A3C5901DC53C2C001361FC /* Main.storyboard in Resources */,
				C4A3C5E81DC54804001361FC /* catalog.json in Resources */,
				C4876F2E1DC5506800877194 /* InfoPlist.strings in Resources */,
			);
			runOnlyForDeploymentPostprocessing = 0;
		};
/* End PBXResourcesBuildPhase section */

/* Begin PBXSourcesBuildPhase section */
		C46F53361DC56FFF0068E28D /* Sources */ = {
			isa = PBXSourcesBuildPhase;
			buildActionMask = 2147483647;
			files = (
				C46F53441DC56FFF0068E28D /* ExtensionDelegate.m in Sources */,
				C46F53411DC56FFF0068E28D /* InterfaceController.m in Sources */,
			);
			runOnlyForDeploymentPostprocessing = 0;
		};
		C4876F321DC5511B00877194 /* Sources */ = {
			isa = PBXSourcesBuildPhase;
			buildActionMask = 2147483647;
			files = (
				C4876F4D1DC554F200877194 /* SharedCommodity.m in Sources */,
				C4876F3D1DC5511B00877194 /* TodayViewController.m in Sources */,
			);
			runOnlyForDeploymentPostprocessing = 0;
		};
		C4A3C57E1DC53C2C001361FC /* Sources */ = {
			isa = PBXSourcesBuildPhase;
			buildActionMask = 2147483647;
			files = (
				C4A3C5E51DC54783001361FC /* ShoplistViewController.m in Sources */,
				C4A3C5C21DC54652001361FC /* ImportHelper.m in Sources */,
				C4A3C5CB1DC54754001361FC /* ALToastView.m in Sources */,
				C4A3C5DE1DC54783001361FC /* AboutController.m in Sources */,
				C4A3C5931DC53C2C001361FC /* letsshopping.xcdatamodeld in Sources */,
				C4A3C5B01DC542C0001361FC /* SharedList.m in Sources */,
				C4A3C5C41DC54652001361FC /* StorageHelper.m in Sources */,
				C4A3C5B61DC544A7001361FC /* AppDelegate.m in Sources */,
				C4A3C5E11DC54783001361FC /* ProductListController.m in Sources */,
				C4A3C5DF1DC54783001361FC /* BaseFetchedResultsController.m in Sources */,
				C4A3C5B21DC542C0001361FC /* Shoplist.m in Sources */,
				C4A3C5B11DC542C0001361FC /* ShopCategory.m in Sources */,
				C4A3C5C11DC54652001361FC /* BinaryExportProvider.m in Sources */,
				C4A3C5E01DC54783001361FC /* ProductController.m in Sources */,
				C4A3C5E31DC54783001361FC /* ShopcategoryListController.m in Sources */,
				C4171C141FB1C75D0060CA24 /* UILocalizable+Localizable.m in Sources */,
				C4A3C5AE1DC542C0001361FC /* Product.m in Sources */,
				C4A3C5C31DC54652001361FC /* LogHelper.m in Sources */,
				C4A3C5CC1DC54754001361FC /* LightTableCell.m in Sources */,
				C4A3C5871DC53C2C001361FC /* main.m in Sources */,
				C4A3C5E21DC54783001361FC /* ShopcategoryController.m in Sources */,
				C4A3C5C51DC54652001361FC /* TextExportProvider.m in Sources */,
				C4A3C5E41DC54783001361FC /* ShopListController.m in Sources */,
				C4A3C5AF1DC542C0001361FC /* SharedCommodity.m in Sources */,
				C4A3C5AD1DC542C0001361FC /* Commodity.m in Sources */,
			);
			runOnlyForDeploymentPostprocessing = 0;
		};
/* End PBXSourcesBuildPhase section */

/* Begin PBXTargetDependency section */
		C46F533D1DC56FFF0068E28D /* PBXTargetDependency */ = {
			isa = PBXTargetDependency;
			target = C46F53391DC56FFF0068E28D /* WatchApp Extension */;
			targetProxy = C46F533C1DC56FFF0068E28D /* PBXContainerItemProxy */;
		};
		C46F53491DC56FFF0068E28D /* PBXTargetDependency */ = {
			isa = PBXTargetDependency;
			target = C46F532D1DC56FFE0068E28D /* WatchApp */;
			targetProxy = C46F53481DC56FFF0068E28D /* PBXContainerItemProxy */;
		};
		C4876F431DC5511B00877194 /* PBXTargetDependency */ = {
			isa = PBXTargetDependency;
			target = C4876F351DC5511B00877194 /* LetsShoppingWidget */;
			targetProxy = C4876F421DC5511B00877194 /* PBXContainerItemProxy */;
		};
/* End PBXTargetDependency section */

/* Begin PBXVariantGroup section */
		C46F53301DC56FFE0068E28D /* Interface.storyboard */ = {
			isa = PBXVariantGroup;
			children = (
				C46F53311DC56FFE0068E28D /* Base */,
			);
			name = Interface.storyboard;
			sourceTree = "<group>";
		};
		C46F53571DC571B60068E28D /* InfoPlist.strings */ = {
			isa = PBXVariantGroup;
			children = (
				C46F53561DC571B60068E28D /* ru */,
			);
			name = InfoPlist.strings;
			sourceTree = "<group>";
		};
		C46F535C1DC572320068E28D /* InfoPlist.strings */ = {
			isa = PBXVariantGroup;
			children = (
				C46F535B1DC572320068E28D /* ru */,
			);
			name = InfoPlist.strings;
			sourceTree = "<group>";
		};
		C46F53611DC575430068E28D /* Localizable.strings */ = {
			isa = PBXVariantGroup;
			children = (
				C46F53601DC575430068E28D /* ru */,
			);
			name = Localizable.strings;
			sourceTree = "<group>";
		};
		C4876F301DC5506800877194 /* InfoPlist.strings */ = {
			isa = PBXVariantGroup;
			children = (
				C4876F2F1DC5506800877194 /* Base */,
				C4876F311DC5507900877194 /* ru */,
			);
			name = InfoPlist.strings;
			sourceTree = "<group>";
		};
		C4876F3E1DC5511B00877194 /* MainInterface.storyboard */ = {
			isa = PBXVariantGroup;
			children = (
				C4876F3F1DC5511B00877194 /* Base */,
			);
			name = MainInterface.storyboard;
			sourceTree = "<group>";
		};
		C4876F521DC5589C00877194 /* InfoPlist.strings */ = {
			isa = PBXVariantGroup;
			children = (
				C4876F511DC5589C00877194 /* Base */,
				C4876F531DC5589E00877194 /* ru */,
			);
			name = InfoPlist.strings;
			sourceTree = "<group>";
		};
		C4876F581DC55A0F00877194 /* Localizable.strings */ = {
			isa = PBXVariantGroup;
			children = (
				C4876F571DC55A0F00877194 /* ru */,
			);
			name = Localizable.strings;
			sourceTree = "<group>";
		};
		C48E15DA1DC57FFD0030495C /* Localizable.strings */ = {
			isa = PBXVariantGroup;
			children = (
				C48E15DC1DC580400030495C /* ru */,
			);
			name = Localizable.strings;
			sourceTree = "<group>";
		};
		C4A3C58E1DC53C2C001361FC /* Main.storyboard */ = {
			isa = PBXVariantGroup;
			children = (
				C4A3C58F1DC53C2C001361FC /* Base */,
			);
			name = Main.storyboard;
			sourceTree = "<group>";
		};
		C4A3C5961DC53C2C001361FC /* LaunchScreen.storyboard */ = {
			isa = PBXVariantGroup;
			children = (
				C4A3C5971DC53C2C001361FC /* Base */,
				C4A3C59F1DC53F8C001361FC /* ru */,
			);
			name = LaunchScreen.storyboard;
			sourceTree = "<group>";
		};
		C4A3C5EA1DC54804001361FC /* catalog.json */ = {
			isa = PBXVariantGroup;
			children = (
				C4A3C5E91DC54804001361FC /* Base */,
				C4A3C5EB1DC54808001361FC /* ru */,
			);
			name = catalog.json;
			sourceTree = "<group>";
		};
/* End PBXVariantGroup section */

/* Begin XCBuildConfiguration section */
		C46F534B1DC56FFF0068E28D /* Debug */ = {
			isa = XCBuildConfiguration;
			buildSettings = {
				ASSETCATALOG_COMPILER_APPICON_NAME = AppIcon;
				DEVELOPMENT_TEAM = V3B8Z5MTV4;
				IBSC_MODULE = WatchApp_Extension;
				INFOPLIST_FILE = WatchApp/Info.plist;
				PRODUCT_BUNDLE_IDENTIFIER = com.tsybulin.letsshopping.watchkitapp;
				PRODUCT_NAME = "$(TARGET_NAME)";
				SDKROOT = watchos;
				SKIP_INSTALL = YES;
				TARGETED_DEVICE_FAMILY = 4;
				WATCHOS_DEPLOYMENT_TARGET = 4.1;
			};
			name = Debug;
		};
		C46F534C1DC56FFF0068E28D /* Release */ = {
			isa = XCBuildConfiguration;
			buildSettings = {
				ASSETCATALOG_COMPILER_APPICON_NAME = AppIcon;
				DEVELOPMENT_TEAM = V3B8Z5MTV4;
				IBSC_MODULE = WatchApp_Extension;
				INFOPLIST_FILE = WatchApp/Info.plist;
				PRODUCT_BUNDLE_IDENTIFIER = com.tsybulin.letsshopping.watchkitapp;
				PRODUCT_NAME = "$(TARGET_NAME)";
				SDKROOT = watchos;
				SKIP_INSTALL = YES;
				TARGETED_DEVICE_FAMILY = 4;
				WATCHOS_DEPLOYMENT_TARGET = 4.1;
			};
			name = Release;
		};
		C46F534D1DC56FFF0068E28D /* Debug */ = {
			isa = XCBuildConfiguration;
			buildSettings = {
				ASSETCATALOG_COMPILER_COMPLICATION_NAME = Complication;
				DEVELOPMENT_TEAM = V3B8Z5MTV4;
				INFOPLIST_FILE = "WatchApp Extension/Info.plist";
				LD_RUNPATH_SEARCH_PATHS = "$(inherited) @executable_path/Frameworks @executable_path/../../Frameworks";
				PRODUCT_BUNDLE_IDENTIFIER = com.tsybulin.letsshopping.watchkitapp.watchkitextension;
				PRODUCT_NAME = "${TARGET_NAME}";
				SDKROOT = watchos;
				SKIP_INSTALL = YES;
				TARGETED_DEVICE_FAMILY = 4;
				WATCHOS_DEPLOYMENT_TARGET = 4.1;
			};
			name = Debug;
		};
		C46F534E1DC56FFF0068E28D /* Release */ = {
			isa = XCBuildConfiguration;
			buildSettings = {
				ASSETCATALOG_COMPILER_COMPLICATION_NAME = Complication;
				DEVELOPMENT_TEAM = V3B8Z5MTV4;
				INFOPLIST_FILE = "WatchApp Extension/Info.plist";
				LD_RUNPATH_SEARCH_PATHS = "$(inherited) @executable_path/Frameworks @executable_path/../../Frameworks";
				PRODUCT_BUNDLE_IDENTIFIER = com.tsybulin.letsshopping.watchkitapp.watchkitextension;
				PRODUCT_NAME = "${TARGET_NAME}";
				SDKROOT = watchos;
				SKIP_INSTALL = YES;
				TARGETED_DEVICE_FAMILY = 4;
				WATCHOS_DEPLOYMENT_TARGET = 4.1;
			};
			name = Release;
		};
		C4876F461DC5511B00877194 /* Debug */ = {
			isa = XCBuildConfiguration;
			buildSettings = {
				CODE_SIGN_ENTITLEMENTS = LetsShoppingWidget/LetsShoppingWidget.entitlements;
				DEVELOPMENT_TEAM = V3B8Z5MTV4;
				INFOPLIST_FILE = LetsShoppingWidget/Info.plist;
				LD_RUNPATH_SEARCH_PATHS = "$(inherited) @executable_path/Frameworks @executable_path/../../Frameworks";
				PRODUCT_BUNDLE_IDENTIFIER = com.tsybulin.letsshopping.LetsShoppingWidget;
				PRODUCT_NAME = "$(TARGET_NAME)";
				SKIP_INSTALL = YES;
				TARGETED_DEVICE_FAMILY = 1;
			};
			name = Debug;
		};
		C4876F471DC5511B00877194 /* Release */ = {
			isa = XCBuildConfiguration;
			buildSettings = {
				CODE_SIGN_ENTITLEMENTS = LetsShoppingWidget/LetsShoppingWidget.entitlements;
				DEVELOPMENT_TEAM = V3B8Z5MTV4;
				INFOPLIST_FILE = LetsShoppingWidget/Info.plist;
				LD_RUNPATH_SEARCH_PATHS = "$(inherited) @executable_path/Frameworks @executable_path/../../Frameworks";
				PRODUCT_BUNDLE_IDENTIFIER = com.tsybulin.letsshopping.LetsShoppingWidget;
				PRODUCT_NAME = "$(TARGET_NAME)";
				SKIP_INSTALL = YES;
				TARGETED_DEVICE_FAMILY = 1;
			};
			name = Release;
		};
		C4A3C59A1DC53C2C001361FC /* Debug */ = {
			isa = XCBuildConfiguration;
			buildSettings = {
				ALWAYS_SEARCH_USER_PATHS = NO;
				CLANG_ANALYZER_LOCALIZABILITY_NONLOCALIZED = YES;
				CLANG_ANALYZER_NONNULL = YES;
				CLANG_CXX_LANGUAGE_STANDARD = "gnu++0x";
				CLANG_CXX_LIBRARY = "libc++";
				CLANG_ENABLE_MODULES = YES;
				CLANG_ENABLE_OBJC_ARC = YES;
				CLANG_WARN_BLOCK_CAPTURE_AUTORELEASING = YES;
				CLANG_WARN_BOOL_CONVERSION = YES;
				CLANG_WARN_COMMA = YES;
				CLANG_WARN_CONSTANT_CONVERSION = YES;
				CLANG_WARN_DIRECT_OBJC_ISA_USAGE = YES_ERROR;
				CLANG_WARN_DOCUMENTATION_COMMENTS = YES;
				CLANG_WARN_EMPTY_BODY = YES;
				CLANG_WARN_ENUM_CONVERSION = YES;
				CLANG_WARN_INFINITE_RECURSION = YES;
				CLANG_WARN_INT_CONVERSION = YES;
				CLANG_WARN_NON_LITERAL_NULL_CONVERSION = YES;
				CLANG_WARN_OBJC_LITERAL_CONVERSION = YES;
				CLANG_WARN_OBJC_ROOT_CLASS = YES_ERROR;
				CLANG_WARN_RANGE_LOOP_ANALYSIS = YES;
				CLANG_WARN_STRICT_PROTOTYPES = YES;
				CLANG_WARN_SUSPICIOUS_MOVE = YES;
				CLANG_WARN_SUSPICIOUS_MOVES = YES;
				CLANG_WARN_UNREACHABLE_CODE = YES;
				CLANG_WARN__DUPLICATE_METHOD_MATCH = YES;
				"CODE_SIGN_IDENTITY[sdk=iphoneos*]" = "iPhone Developer";
				COPY_PHASE_STRIP = NO;
				DEBUG_INFORMATION_FORMAT = dwarf;
				ENABLE_STRICT_OBJC_MSGSEND = YES;
				ENABLE_TESTABILITY = YES;
				GCC_C_LANGUAGE_STANDARD = gnu99;
				GCC_DYNAMIC_NO_PIC = NO;
				GCC_NO_COMMON_BLOCKS = YES;
				GCC_OPTIMIZATION_LEVEL = 0;
				GCC_PREPROCESSOR_DEFINITIONS = (
					"DEBUG=1",
					"$(inherited)",
				);
				GCC_WARN_64_TO_32_BIT_CONVERSION = YES;
				GCC_WARN_ABOUT_RETURN_TYPE = YES_ERROR;
				GCC_WARN_UNDECLARED_SELECTOR = YES;
				GCC_WARN_UNINITIALIZED_AUTOS = YES_AGGRESSIVE;
				GCC_WARN_UNUSED_FUNCTION = YES;
				GCC_WARN_UNUSED_VARIABLE = YES;
				IPHONEOS_DEPLOYMENT_TARGET = 11.1;
				MTL_ENABLE_DEBUG_INFO = YES;
				ONLY_ACTIVE_ARCH = YES;
				SDKROOT = iphoneos;
				TARGETED_DEVICE_FAMILY = "1,2";
			};
			name = Debug;
		};
		C4A3C59B1DC53C2C001361FC /* Release */ = {
			isa = XCBuildConfiguration;
			buildSettings = {
				ALWAYS_SEARCH_USER_PATHS = NO;
				CLANG_ANALYZER_LOCALIZABILITY_NONLOCALIZED = YES;
				CLANG_ANALYZER_NONNULL = YES;
				CLANG_CXX_LANGUAGE_STANDARD = "gnu++0x";
				CLANG_CXX_LIBRARY = "libc++";
				CLANG_ENABLE_MODULES = YES;
				CLANG_ENABLE_OBJC_ARC = YES;
				CLANG_WARN_BLOCK_CAPTURE_AUTORELEASING = YES;
				CLANG_WARN_BOOL_CONVERSION = YES;
				CLANG_WARN_COMMA = YES;
				CLANG_WARN_CONSTANT_CONVERSION = YES;
				CLANG_WARN_DIRECT_OBJC_ISA_USAGE = YES_ERROR;
				CLANG_WARN_DOCUMENTATION_COMMENTS = YES;
				CLANG_WARN_EMPTY_BODY = YES;
				CLANG_WARN_ENUM_CONVERSION = YES;
				CLANG_WARN_INFINITE_RECURSION = YES;
				CLANG_WARN_INT_CONVERSION = YES;
				CLANG_WARN_NON_LITERAL_NULL_CONVERSION = YES;
				CLANG_WARN_OBJC_LITERAL_CONVERSION = YES;
				CLANG_WARN_OBJC_ROOT_CLASS = YES_ERROR;
				CLANG_WARN_RANGE_LOOP_ANALYSIS = YES;
				CLANG_WARN_STRICT_PROTOTYPES = YES;
				CLANG_WARN_SUSPICIOUS_MOVE = YES;
				CLANG_WARN_SUSPICIOUS_MOVES = YES;
				CLANG_WARN_UNREACHABLE_CODE = YES;
				CLANG_WARN__DUPLICATE_METHOD_MATCH = YES;
				"CODE_SIGN_IDENTITY[sdk=iphoneos*]" = "iPhone Developer";
				COPY_PHASE_STRIP = NO;
				DEBUG_INFORMATION_FORMAT = "dwarf-with-dsym";
				ENABLE_NS_ASSERTIONS = NO;
				ENABLE_STRICT_OBJC_MSGSEND = YES;
				GCC_C_LANGUAGE_STANDARD = gnu99;
				GCC_NO_COMMON_BLOCKS = YES;
				GCC_WARN_64_TO_32_BIT_CONVERSION = YES;
				GCC_WARN_ABOUT_RETURN_TYPE = YES_ERROR;
				GCC_WARN_UNDECLARED_SELECTOR = YES;
				GCC_WARN_UNINITIALIZED_AUTOS = YES_AGGRESSIVE;
				GCC_WARN_UNUSED_FUNCTION = YES;
				GCC_WARN_UNUSED_VARIABLE = YES;
				IPHONEOS_DEPLOYMENT_TARGET = 11.1;
				MTL_ENABLE_DEBUG_INFO = NO;
				SDKROOT = iphoneos;
				TARGETED_DEVICE_FAMILY = "1,2";
				VALIDATE_PRODUCT = YES;
			};
			name = Release;
		};
		C4A3C59D1DC53C2C001361FC /* Debug */ = {
			isa = XCBuildConfiguration;
			buildSettings = {
				ASSETCATALOG_COMPILER_APPICON_NAME = AppIcon;
				CODE_SIGN_ENTITLEMENTS = letsshopping/letsshopping.entitlements;
				DEVELOPMENT_TEAM = V3B8Z5MTV4;
				INFOPLIST_FILE = letsshopping/Info.plist;
				LD_RUNPATH_SEARCH_PATHS = "$(inherited) @executable_path/Frameworks";
				PRODUCT_BUNDLE_IDENTIFIER = com.tsybulin.letsshopping;
				PRODUCT_NAME = "$(TARGET_NAME)";
				TARGETED_DEVICE_FAMILY = 1;
			};
			name = Debug;
		};
		C4A3C59E1DC53C2C001361FC /* Release */ = {
			isa = XCBuildConfiguration;
			buildSettings = {
				ASSETCATALOG_COMPILER_APPICON_NAME = AppIcon;
				CODE_SIGN_ENTITLEMENTS = letsshopping/letsshopping.entitlements;
				DEVELOPMENT_TEAM = V3B8Z5MTV4;
				INFOPLIST_FILE = letsshopping/Info.plist;
				LD_RUNPATH_SEARCH_PATHS = "$(inherited) @executable_path/Frameworks";
				PRODUCT_BUNDLE_IDENTIFIER = com.tsybulin.letsshopping;
				PRODUCT_NAME = "$(TARGET_NAME)";
				TARGETED_DEVICE_FAMILY = 1;
			};
			name = Release;
		};
/* End XCBuildConfiguration section */

/* Begin XCConfigurationList section */
		C46F534F1DC56FFF0068E28D /* Build configuration list for PBXNativeTarget "WatchApp Extension" */ = {
			isa = XCConfigurationList;
			buildConfigurations = (
				C46F534D1DC56FFF0068E28D /* Debug */,
				C46F534E1DC56FFF0068E28D /* Release */,
			);
			defaultConfigurationIsVisible = 0;
			defaultConfigurationName = Release;
		};
		C46F53511DC56FFF0068E28D /* Build configuration list for PBXNativeTarget "WatchApp" */ = {
			isa = XCConfigurationList;
			buildConfigurations = (
				C46F534B1DC56FFF0068E28D /* Debug */,
				C46F534C1DC56FFF0068E28D /* Release */,
			);
			defaultConfigurationIsVisible = 0;
			defaultConfigurationName = Release;
		};
		C4876F451DC5511B00877194 /* Build configuration list for PBXNativeTarget "LetsShoppingWidget" */ = {
			isa = XCConfigurationList;
			buildConfigurations = (
				C4876F461DC5511B00877194 /* Debug */,
				C4876F471DC5511B00877194 /* Release */,
			);
			defaultConfigurationIsVisible = 0;
			defaultConfigurationName = Release;
		};
		C4A3C57D1DC53C2C001361FC /* Build configuration list for PBXProject "letsshopping" */ = {
			isa = XCConfigurationList;
			buildConfigurations = (
				C4A3C59A1DC53C2C001361FC /* Debug */,
				C4A3C59B1DC53C2C001361FC /* Release */,
			);
			defaultConfigurationIsVisible = 0;
			defaultConfigurationName = Release;
		};
		C4A3C59C1DC53C2C001361FC /* Build configuration list for PBXNativeTarget "letsshopping" */ = {
			isa = XCConfigurationList;
			buildConfigurations = (
				C4A3C59D1DC53C2C001361FC /* Debug */,
				C4A3C59E1DC53C2C001361FC /* Release */,
			);
			defaultConfigurationIsVisible = 0;
			defaultConfigurationName = Release;
		};
/* End XCConfigurationList section */

/* Begin XCVersionGroup section */
		C4A3C5911DC53C2C001361FC /* letsshopping.xcdatamodeld */ = {
			isa = XCVersionGroup;
			children = (
				C4A3C5921DC53C2C001361FC /* letsshopping.xcdatamodel */,
			);
			currentVersion = C4A3C5921DC53C2C001361FC /* letsshopping.xcdatamodel */;
			path = letsshopping.xcdatamodeld;
			sourceTree = "<group>";
			versionGroupType = wrapper.xcdatamodel;
		};
/* End XCVersionGroup section */
	};
	rootObject = C4A3C57A1DC53C2C001361FC /* Project object */;
}
